{
  "name": "sample-test",
  "lockfileVersion": 3,
  "requires": true,
  "packages": {
    "": {
      "dependencies": {
        "ls": "file:../sample-package"
      }
    },
    "../sample-package": {
      "name": "ls",
      "version": "1.0.0",
      "license": "ISC"
    },
    "node_modules/ls": {
      "resolved": "../sample-package",
      "link": true
    }
  }
}
